
Microsoft Visual Studio Solution File, Format Version 12.00
# Visual Studio Version 17
VisualStudioVersion = 17.4.33122.133
MinimumVisualStudioVersion = 10.0.40219.1
Project("{FAE04EC0-301F-11D3-BF4B-00C04F79EFBC}") = "Dz10", "Dz10\Dz10.csproj", "{BC633C92-0517-4BFC-B6F5-866BEB668D96}"
EndProject
Global
	GlobalSection(SolutionConfigurationPlatforms) = preSolution
		Debug|Any CPU = Debug|Any CPU
		Release|Any CPU = Release|Any CPU
	EndGlobalSection
	GlobalSection(ProjectConfigurationPlatforms) = postSolution
		{BC633C92-0517-4BFC-B6F5-866BEB668D96}.Debug|Any CPU.ActiveCfg = Debug|Any CPU
		{BC633C92-0517-4BFC-B6F5-866BEB668D96}.Debug|Any CPU.Build.0 = Debug|Any CPU
		{BC633C92-0517-4BFC-B6F5-866BEB668D96}.Release|Any CPU.ActiveCfg = Release|Any CPU
		{BC633C92-0517-4BFC-B6F5-866BEB668D96}.Release|Any CPU.Build.0 = Release|Any CPU
	EndGlobalSection
	GlobalSection(SolutionProperties) = preSolution
		HideSolutionNode = FALSE
	EndGlobalSection
	GlobalSection(ExtensibilityGlobals) = postSolution
		SolutionGuid = {285C55EF-9A97-4745-9A99-B6EEF4CBA94F}
	EndGlobalSection
EndGlobal
